// !$*UTF8*$!
{
	archiveVersion = 1;
	classes = {
	};
	objectVersion = 46;
	objects = {

/* Begin PBXBuildFile section */
		F958797A1CD8E3300028C40C /* AppDelegate.swift in Sources */ = {isa = PBXBuildFile; fileRef = F95879791CD8E3300028C40C /* AppDelegate.swift */; };
		F958797C1CD8E3300028C40C /* ViewController.swift in Sources */ = {isa = PBXBuildFile; fileRef = F958797B1CD8E3300028C40C /* ViewController.swift */; };
		F958797F1CD8E3310028C40C /* Main.storyboard in Resources */ = {isa = PBXBuildFile; fileRef = F958797D1CD8E3310028C40C /* Main.storyboard */; };
		F95879811CD8E3310028C40C /* Assets.xcassets in Resources */ = {isa = PBXBuildFile; fileRef = F95879801CD8E3310028C40C /* Assets.xcassets */; };
		F95879841CD8E3310028C40C /* LaunchScreen.storyboard in Resources */ = {isa = PBXBuildFile; fileRef = F95879821CD8E3310028C40C /* LaunchScreen.storyboard */; };
		F958798C1CD8EBE10028C40C /* DetailVC.swift in Sources */ = {isa = PBXBuildFile; fileRef = F958798B1CD8EBE10028C40C /* DetailVC.swift */; };
		F965A64E1CD8F7F0001FA3D1 /* RealDetailVC.swift in Sources */ = {isa = PBXBuildFile; fileRef = F965A64D1CD8F7F0001FA3D1 /* RealDetailVC.swift */; };
/* End PBXBuildFile section */

/* Begin PBXFileReference section */
		F95879761CD8E3300028C40C /* myfavoriteplace.app */ = {isa = PBXFileReference; explicitFileType = wrapper.application; includeInIndex = 0; path = myfavoriteplace.app; sourceTree = BUILT_PRODUCTS_DIR; };
		F95879791CD8E3300028C40C /* AppDelegate.swift */ = {isa = PBXFileReference; lastKnownFileType = sourcecode.swift; path = AppDelegate.swift; sourceTree = "<group>"; };
		F958797B1CD8E3300028C40C /* ViewController.swift */ = {isa = PBXFileReference; lastKnownFileType = sourcecode.swift; path = ViewController.swift; sourceTree = "<group>"; };
		F958797E1CD8E3310028C40C /* Base */ = {isa = PBXFileReference; lastKnownFileType = file.storyboard; name = Base; path = Base.lproj/Main.storyboard; sourceTree = "<group>"; };
		F95879801CD8E3310028C40C /* Assets.xcassets */ = {isa = PBXFileReference; lastKnownFileType = folder.assetcatalog; path = Assets.xcassets; sourceTree = "<group>"; };
		F95879831CD8E3310028C40C /* Base */ = {isa = PBXFileReference; lastKnownFileType = file.storyboard; name = Base; path = Base.lproj/LaunchScreen.storyboard; sourceTree = "<group>"; };
		F95879851CD8E3310028C40C /* Info.plist */ = {isa = PBXFileReference; lastKnownFileType = text.plist.xml; path = Info.plist; sourceTree = "<group>"; };
		F958798B1CD8EBE10028C40C /* DetailVC.swift */ = {isa = PBXFileReference; fileEncoding = 4; lastKnownFileType = sourcecode.swift; path = DetailVC.swift; sourceTree = "<group>"; };
		F965A64D1CD8F7F0001FA3D1 /* RealDetailVC.swift */ = {isa = PBXFileReference; fileEncoding = 4; lastKnownFileType = sourcecode.swift; path = RealDetailVC.swift; sourceTree = "<group>"; };
/* End PBXFileReference section */

/* Begin PBXFrameworksBuildPhase section */
		F95879731CD8E3300028C40C /* Frameworks */ = {
			isa = PBXFrameworksBuildPhase;
			buildActionMask = 2147483647;
			files = (
			);
			runOnlyForDeploymentPostprocessing = 0;
		};
/* End PBXFrameworksBuildPhase section */

/* Begin PBXGroup section */
		F958796D1CD8E3300028C40C = {
			isa = PBXGroup;
			children = (
				F95879781CD8E3300028C40C /* myfavoriteplace */,
				F95879771CD8E3300028C40C /* Products */,
			);
			sourceTree = "<group>";
		};
		F95879771CD8E3300028C40C /* Products */ = {
			isa = PBXGroup;
			children = (
				F95879761CD8E3300028C40C /* myfavoriteplace.app */,
			);
			name = Products;
			sourceTree = "<group>";
		};
		F95879781CD8E3300028C40C /* myfavoriteplace */ = {
			isa = PBXGroup;
			children = (
				F95879791CD8E3300028C40C /* AppDelegate.swift */,
				F958797B1CD8E3300028C40C /* ViewController.swift */,
				F958797D1CD8E3310028C40C /* Main.storyboard */,
				F95879801CD8E3310028C40C /* Assets.xcassets */,
				F95879821CD8E3310028C40C /* LaunchScreen.storyboard */,
				F95879851CD8E3310028C40C /* Info.plist */,
				F958798B1CD8EBE10028C40C /* DetailVC.swift */,
				F965A64D1CD8F7F0001FA3D1 /* RealDetailVC.swift */,
			);
			path = myfavoriteplace;
			sourceTree = "<group>";
		};
/* End PBXGroup section */

/* Begin PBXNativeTarget section */
		F95879751CD8E3300028C40C /* myfavoriteplace */ = {
			isa = PBXNativeTarget;
			buildConfigurationList = F95879881CD8E3310028C40C /* Build configuration list for PBXNativeTarget "myfavoriteplace" */;
			buildPhases = (
				F95879721CD8E3300028C40C /* Sources */,
				F95879731CD8E3300028C40C /* Frameworks */,
				F95879741CD8E3300028C40C /* Resources */,
			);
			buildRules = (
			);
			dependencies = (
			);
			name = myfavoriteplace;
			productName = myfavoriteplace;
			productReference = F95879761CD8E3300028C40C /* myfavoriteplace.app */;
			productType = "com.apple.product-type.application";
		};
/* End PBXNativeTarget section */

/* Begin PBXProject section */
		F958796E1CD8E3300028C40C /* Project object */ = {
			isa = PBXProject;
			attributes = {
				LastSwiftUpdateCheck = 0730;
				LastUpgradeCheck = 0730;
				ORGANIZATIONNAME = "Iohta Group";
				TargetAttributes = {
					F95879751CD8E3300028C40C = {
						CreatedOnToolsVersion = 7.3;
					};
				};
			};
			buildConfigurationList = F95879711CD8E3300028C40C /* Build configuration list for PBXProject "myfavoriteplace" */;
			compatibilityVersion = "Xcode 3.2";
			developmentRegion = English;
			hasScannedForEncodings = 0;
			knownRegions = (
				en,
				Base,
			);
			mainGroup = F958796D1CD8E3300028C40C;
			productRefGroup = F95879771CD8E3300028C40C /* Products */;
			projectDirPath = "";
			projectRoot = "";
			targets = (
				F95879751CD8E3300028C40C /* myfavoriteplace */,
			);
		};
/* End PBXProject section */

/* Begin PBXResourcesBuildPhase section */
		F95879741CD8E3300028C40C /* Resources */ = {
			isa = PBXResourcesBuildPhase;
			buildActionMask = 2147483647;
			files = (
				F95879841CD8E3310028C40C /* LaunchScreen.storyboard in Resources */,
				F95879811CD8E3310028C40C /* Assets.xcassets in Resources */,
				F958797F1CD8E3310028C40C /* Main.storyboard in Resources */,
			);
			runOnlyForDeploymentPostprocessing = 0;
		};
/* End PBXResourcesBuildPhase section */

/* Begin PBXSourcesBuildPhase section */
		F95879721CD8E3300028C40C /* Sources */ = {
			isa = PBXSourcesBuildPhase;
			buildActionMask = 2147483647;
			files = (
				F958797C1CD8E3300028C40C /* ViewController.swift in Sources */,
				F965A64E1CD8F7F0001FA3D1 /* RealDetailVC.swift in Sources */,
				F958797A1CD8E3300028C40C /* AppDelegate.swift in Sources */,
				F958798C1CD8EBE10028C40C /* DetailVC.swift in Sources */,
			);
			runOnlyForDeploymentPostprocessing = 0;
		};
/* End PBXSourcesBuildPhase section */

/* Begin PBXVariantGroup section */
		F958797D1CD8E3310028C40C /* Main.storyboard */ = {
			isa = PBXVariantGroup;
			children = (
				F958797E1CD8E3310028C40C /* Base */,
			);
			name = Main.storyboard;
			sourceTree = "<group>";
		};
		F95879821CD8E3310028C40C /* LaunchScreen.storyboard */ = {
			isa = PBXVariantGroup;
			children = (
				F95879831CD8E3310028C40C /* Base */,
			);
			name = LaunchScreen.storyboard;
			sourceTree = "<group>";
		};
/* End PBXVariantGroup section */

/* Begin XCBuildConfiguration section */
		F95879861CD8E3310028C40C /* Debug */ = {
			isa = XCBuildConfiguration;
			buildSettings = {
				ALWAYS_SEARCH_USER_PATHS = NO;
				CLANG_ANALYZER_NONNULL = YES;
				CLANG_CXX_LANGUAGE_STANDARD = "gnu++0x";
				CLANG_CXX_LIBRARY = "libc++";
				CLANG_ENABLE_MODULES = YES;
				CLANG_ENABLE_OBJC_ARC = YES;
				CLANG_WARN_BOOL_CONVERSION = YES;
				CLANG_WARN_CONSTANT_CONVERSION = YES;
				CLANG_WARN_DIRECT_OBJC_ISA_USAGE = YES_ERROR;
				CLANG_WARN_EMPTY_BODY = YES;
				CLANG_WARN_ENUM_CONVERSION = YES;
				CLANG_WARN_INT_CONVERSION = YES;
				CLANG_WARN_OBJC_ROOT_CLASS = YES_ERROR;
				CLANG_WARN_UNREACHABLE_CODE = YES;
				CLANG_WARN__DUPLICATE_METHOD_MATCH = YES;
				"CODE_SIGN_IDENTITY[sdk=iphoneos*]" = "iPhone Developer";
				COPY_PHASE_STRIP = NO;
				DEBUG_INFORMATION_FORMAT = dwarf;
				ENABLE_STRICT_OBJC_MSGSEND = YES;
				ENABLE_TESTABILITY = YES;
				GCC_C_LANGUAGE_STANDARD = gnu99;
				GCC_DYNAMIC_NO_PIC = NO;
				GCC_NO_COMMON_BLOCKS = YES;
				GCC_OPTIMIZATION_LEVEL = 0;
				GCC_PREPROCESSOR_DEFINITIONS = (
					"DEBUG=1",
					"$(inherited)",
				);
				GCC_WARN_64_TO_32_BIT_CONVERSION = YES;
				GCC_WARN_ABOUT_RETURN_TYPE = YES_ERROR;
				GCC_WARN_UNDECLARED_SELECTOR = YES;
				GCC_WARN_UNINITIALIZED_AUTOS = YES_AGGRESSIVE;
				GCC_WARN_UNUSED_FUNCTION = YES;
				GCC_WARN_UNUSED_VARIABLE = YES;
				IPHONEOS_DEPLOYMENT_TARGET = 9.3;
				MTL_ENABLE_DEBUG_INFO = YES;
				ONLY_ACTIVE_ARCH = YES;
				SDKROOT = iphoneos;
				SWIFT_OPTIMIZATION_LEVEL = "-Onone";
				TARGETED_DEVICE_FAMILY = "1,2";
			};
			name = Debug;
		};
		F95879871CD8E3310028C40C /* Release */ = {
			isa = XCBuildConfiguration;
			buildSettings = {
				ALWAYS_SEARCH_USER_PATHS = NO;
				CLANG_ANALYZER_NONNULL = YES;
				CLANG_CXX_LANGUAGE_STANDARD = "gnu++0x";
				CLANG_CXX_LIBRARY = "libc++";
				CLANG_ENABLE_MODULES = YES;
				CLANG_ENABLE_OBJC_ARC = YES;
				CLANG_WARN_BOOL_CONVERSION = YES;
				CLANG_WARN_CONSTANT_CONVERSION = YES;
				CLANG_WARN_DIRECT_OBJC_ISA_USAGE = YES_ERROR;
				CLANG_WARN_EMPTY_BODY = YES;
				CLANG_WARN_ENUM_CONVERSION = YES;
				CLANG_WARN_INT_CONVERSION = YES;
				CLANG_WARN_OBJC_ROOT_CLASS = YES_ERROR;
				CLANG_WARN_UNREACHABLE_CODE = YES;
				CLANG_WARN__DUPLICATE_METHOD_MATCH = YES;
				"CODE_SIGN_IDENTITY[sdk=iphoneos*]" = "iPhone Developer";
				COPY_PHASE_STRIP = NO;
				DEBUG_INFORMATION_FORMAT = "dwarf-with-dsym";
				ENABLE_NS_ASSERTIONS = NO;
				ENABLE_STRICT_OBJC_MSGSEND = YES;
				GCC_C_LANGUAGE_STANDARD = gnu99;
				GCC_NO_COMMON_BLOCKS = YES;
				GCC_WARN_64_TO_32_BIT_CONVERSION = YES;
				GCC_WARN_ABOUT_RETURN_TYPE = YES_ERROR;
				GCC_WARN_UNDECLARED_SELECTOR = YES;
				GCC_WARN_UNINITIALIZED_AUTOS = YES_AGGRESSIVE;
				GCC_WARN_UNUSED_FUNCTION = YES;
				GCC_WARN_UNUSED_VARIABLE = YES;
				IPHONEOS_DEPLOYMENT_TARGET = 9.3;
				MTL_ENABLE_DEBUG_INFO = NO;
				SDKROOT = iphoneos;
				TARGETED_DEVICE_FAMILY = "1,2";
				VALIDATE_PRODUCT = YES;
			};
			name = Release;
		};
		F95879891CD8E3310028C40C /* Debug */ = {
			isa = XCBuildConfiguration;
			buildSettings = {
				ASSETCATALOG_COMPILER_APPICON_NAME = AppIcon;
				INFOPLIST_FILE = myfavoriteplace/Info.plist;
				LD_RUNPATH_SEARCH_PATHS = "$(inherited) @executable_path/Frameworks";
				PRODUCT_BUNDLE_IDENTIFIER = com.iohta.myfavoriteplace;
				PRODUCT_NAME = "$(TARGET_NAME)";
			};
			name = Debug;
		};
		F958798A1CD8E3310028C40C /* Release */ = {
			isa = XCBuildConfiguration;
			buildSettings = {
				ASSETCATALOG_COMPILER_APPICON_NAME = AppIcon;
				INFOPLIST_FILE = myfavoriteplace/Info.plist;
				LD_RUNPATH_SEARCH_PATHS = "$(inherited) @executable_path/Frameworks";
				PRODUCT_BUNDLE_IDENTIFIER = com.iohta.myfavoriteplace;
				PRODUCT_NAME = "$(TARGET_NAME)";
			};
			name = Release;
		};
/* End XCBuildConfiguration section */

/* Begin XCConfigurationList section */
		F95879711CD8E3300028C40C /* Build configuration list for PBXProject "myfavoriteplace" */ = {
			isa = XCConfigurationList;
			buildConfigurations = (
				F95879861CD8E3310028C40C /* Debug */,
				F95879871CD8E3310028C40C /* Release */,
			);
			defaultConfigurationIsVisible = 0;
			defaultConfigurationName = Release;
		};
		F95879881CD8E3310028C40C /* Build configuration list for PBXNativeTarget "myfavoriteplace" */ = {
			isa = XCConfigurationList;
			buildConfigurations = (
				F95879891CD8E3310028C40C /* Debug */,
				F958798A1CD8E3310028C40C /* Release */,
			);
			defaultConfigurationIsVisible = 0;
			defaultConfigurationName = Release;
		};
/* End XCConfigurationList section */
	};
	rootObject = F958796E1CD8E3300028C40C /* Project object */;
}
